// !$*UTF8*$!
{
	archiveVersion = 1;
	classes = {
	};
	objectVersion = 48;
	objects = {

/* Begin PBXBuildFile section */
		CA6A1F2F204D84CD00B8948E /* AppDelegate.swift in Sources */ = {isa = PBXBuildFile; fileRef = CA6A1F2E204D84CD00B8948E /* AppDelegate.swift */; };
		CA6A1F31204D84CD00B8948E /* ViewController.swift in Sources */ = {isa = PBXBuildFile; fileRef = CA6A1F30204D84CD00B8948E /* ViewController.swift */; };
		CA6A1F34204D84CD00B8948E /* Main.storyboard in Resources */ = {isa = PBXBuildFile; fileRef = CA6A1F32204D84CD00B8948E /* Main.storyboard */; };
		CA6A1F36204D84CD00B8948E /* Assets.xcassets in Resources */ = {isa = PBXBuildFile; fileRef = CA6A1F35204D84CD00B8948E /* Assets.xcassets */; };
		CA6A1F39204D84CD00B8948E /* LaunchScreen.storyboard in Resources */ = {isa = PBXBuildFile; fileRef = CA6A1F37204D84CD00B8948E /* LaunchScreen.storyboard */; };
		CA6A1F44204D84CE00B8948E /* countTests.swift in Sources */ = {isa = PBXBuildFile; fileRef = CA6A1F43204D84CE00B8948E /* countTests.swift */; };
		CA6A1F4F204D84CE00B8948E /* countUITests.swift in Sources */ = {isa = PBXBuildFile; fileRef = CA6A1F4E204D84CE00B8948E /* countUITests.swift */; };
/* End PBXBuildFile section */

/* Begin PBXContainerItemProxy section */
		CA6A1F40204D84CE00B8948E /* PBXContainerItemProxy */ = {
			isa = PBXContainerItemProxy;
			containerPortal = CA6A1F23204D84CD00B8948E /* Project object */;
			proxyType = 1;
			remoteGlobalIDString = CA6A1F2A204D84CD00B8948E;
			remoteInfo = count;
		};
		CA6A1F4B204D84CE00B8948E /* PBXContainerItemProxy */ = {
			isa = PBXContainerItemProxy;
			containerPortal = CA6A1F23204D84CD00B8948E /* Project object */;
			proxyType = 1;
			remoteGlobalIDString = CA6A1F2A204D84CD00B8948E;
			remoteInfo = count;
		};
/* End PBXContainerItemProxy section */

/* Begin PBXFileReference section */
		CA6A1F2B204D84CD00B8948E /* count.app */ = {isa = PBXFileReference; explicitFileType = wrapper.application; includeInIndex = 0; path = count.app; sourceTree = BUILT_PRODUCTS_DIR; };
		CA6A1F2E204D84CD00B8948E /* AppDelegate.swift */ = {isa = PBXFileReference; lastKnownFileType = sourcecode.swift; path = AppDelegate.swift; sourceTree = "<group>"; };
		CA6A1F30204D84CD00B8948E /* ViewController.swift */ = {isa = PBXFileReference; lastKnownFileType = sourcecode.swift; path = ViewController.swift; sourceTree = "<group>"; };
		CA6A1F33204D84CD00B8948E /* Base */ = {isa = PBXFileReference; lastKnownFileType = file.storyboard; name = Base; path = Base.lproj/Main.storyboard; sourceTree = "<group>"; };
		CA6A1F35204D84CD00B8948E /* Assets.xcassets */ = {isa = PBXFileReference; lastKnownFileType = folder.assetcatalog; path = Assets.xcassets; sourceTree = "<group>"; };
		CA6A1F38204D84CD00B8948E /* Base */ = {isa = PBXFileReference; lastKnownFileType = file.storyboard; name = Base; path = Base.lproj/LaunchScreen.storyboard; sourceTree = "<group>"; };
		CA6A1F3A204D84CD00B8948E /* Info.plist */ = {isa = PBXFileReference; lastKnownFileType = text.plist.xml; path = Info.plist; sourceTree = "<group>"; };
		CA6A1F3F204D84CE00B8948E /* countTests.xctest */ = {isa = PBXFileReference; explicitFileType = wrapper.cfbundle; includeInIndex = 0; path = countTests.xctest; sourceTree = BUILT_PRODUCTS_DIR; };
		CA6A1F43204D84CE00B8948E /* countTests.swift */ = {isa = PBXFileReference; lastKnownFileType = sourcecode.swift; path = countTests.swift; sourceTree = "<group>"; };
		CA6A1F45204D84CE00B8948E /* Info.plist */ = {isa = PBXFileReference; lastKnownFileType = text.plist.xml; path = Info.plist; sourceTree = "<group>"; };
		CA6A1F4A204D84CE00B8948E /* countUITests.xctest */ = {isa = PBXFileReference; explicitFileType = wrapper.cfbundle; includeInIndex = 0; path = countUITests.xctest; sourceTree = BUILT_PRODUCTS_DIR; };
		CA6A1F4E204D84CE00B8948E /* countUITests.swift */ = {isa = PBXFileReference; lastKnownFileType = sourcecode.swift; path = countUITests.swift; sourceTree = "<group>"; };
		CA6A1F50204D84CE00B8948E /* Info.plist */ = {isa = PBXFileReference; lastKnownFileType = text.plist.xml; path = Info.plist; sourceTree = "<group>"; };
/* End PBXFileReference section */

/* Begin PBXFrameworksBuildPhase section */
		CA6A1F28204D84CD00B8948E /* Frameworks */ = {
			isa = PBXFrameworksBuildPhase;
			buildActionMask = 2147483647;
			files = (
			);
			runOnlyForDeploymentPostprocessing = 0;
		};
		CA6A1F3C204D84CE00B8948E /* Frameworks */ = {
			isa = PBXFrameworksBuildPhase;
			buildActionMask = 2147483647;
			files = (
			);
			runOnlyForDeploymentPostprocessing = 0;
		};
		CA6A1F47204D84CE00B8948E /* Frameworks */ = {
			isa = PBXFrameworksBuildPhase;
			buildActionMask = 2147483647;
			files = (
			);
			runOnlyForDeploymentPostprocessing = 0;
		};
/* End PBXFrameworksBuildPhase section */

/* Begin PBXGroup section */
		CA6A1F22204D84CD00B8948E = {
			isa = PBXGroup;
			children = (
				CA6A1F2D204D84CD00B8948E /* count */,
				CA6A1F42204D84CE00B8948E /* countTests */,
				CA6A1F4D204D84CE00B8948E /* countUITests */,
				CA6A1F2C204D84CD00B8948E /* Products */,
			);
			sourceTree = "<group>";
		};
		CA6A1F2C204D84CD00B8948E /* Products */ = {
			isa = PBXGroup;
			children = (
				CA6A1F2B204D84CD00B8948E /* count.app */,
				CA6A1F3F204D84CE00B8948E /* countTests.xctest */,
				CA6A1F4A204D84CE00B8948E /* countUITests.xctest */,
			);
			name = Products;
			sourceTree = "<group>";
		};
		CA6A1F2D204D84CD00B8948E /* count */ = {
			isa = PBXGroup;
			children = (
				CA6A1F2E204D84CD00B8948E /* AppDelegate.swift */,
				CA6A1F30204D84CD00B8948E /* ViewController.swift */,
				CA6A1F32204D84CD00B8948E /* Main.storyboard */,
				CA6A1F35204D84CD00B8948E /* Assets.xcassets */,
				CA6A1F37204D84CD00B8948E /* LaunchScreen.storyboard */,
				CA6A1F3A204D84CD00B8948E /* Info.plist */,
			);
			path = count;
			sourceTree = "<group>";
		};
		CA6A1F42204D84CE00B8948E /* countTests */ = {
			isa = PBXGroup;
			children = (
				CA6A1F43204D84CE00B8948E /* countTests.swift */,
				CA6A1F45204D84CE00B8948E /* Info.plist */,
			);
			path = countTests;
			sourceTree = "<group>";
		};
		CA6A1F4D204D84CE00B8948E /* countUITests */ = {
			isa = PBXGroup;
			children = (
				CA6A1F4E204D84CE00B8948E /* countUITests.swift */,
				CA6A1F50204D84CE00B8948E /* Info.plist */,
			);
			path = countUITests;
			sourceTree = "<group>";
		};
/* End PBXGroup section */

/* Begin PBXNativeTarget section */
		CA6A1F2A204D84CD00B8948E /* count */ = {
			isa = PBXNativeTarget;
			buildConfigurationList = CA6A1F53204D84CE00B8948E /* Build configuration list for PBXNativeTarget "count" */;
			buildPhases = (
				CA6A1F27204D84CD00B8948E /* Sources */,
				CA6A1F28204D84CD00B8948E /* Frameworks */,
				CA6A1F29204D84CD00B8948E /* Resources */,
			);
			buildRules = (
			);
			dependencies = (
			);
			name = count;
			productName = count;
			productReference = CA6A1F2B204D84CD00B8948E /* count.app */;
			productType = "com.apple.product-type.application";
		};
		CA6A1F3E204D84CE00B8948E /* countTests */ = {
			isa = PBXNativeTarget;
			buildConfigurationList = CA6A1F56204D84CE00B8948E /* Build configuration list for PBXNativeTarget "countTests" */;
			buildPhases = (
				CA6A1F3B204D84CE00B8948E /* Sources */,
				CA6A1F3C204D84CE00B8948E /* Frameworks */,
				CA6A1F3D204D84CE00B8948E /* Resources */,
			);
			buildRules = (
			);
			dependencies = (
				CA6A1F41204D84CE00B8948E /* PBXTargetDependency */,
			);
			name = countTests;
			productName = countTests;
			productReference = CA6A1F3F204D84CE00B8948E /* countTests.xctest */;
			productType = "com.apple.product-type.bundle.unit-test";
		};
		CA6A1F49204D84CE00B8948E /* countUITests */ = {
			isa = PBXNativeTarget;
			buildConfigurationList = CA6A1F59204D84CE00B8948E /* Build configuration list for PBXNativeTarget "countUITests" */;
			buildPhases = (
				CA6A1F46204D84CE00B8948E /* Sources */,
				CA6A1F47204D84CE00B8948E /* Frameworks */,
				CA6A1F48204D84CE00B8948E /* Resources */,
			);
			buildRules = (
			);
			dependencies = (
				CA6A1F4C204D84CE00B8948E /* PBXTargetDependency */,
			);
			name = countUITests;
			productName = countUITests;
			productReference = CA6A1F4A204D84CE00B8948E /* countUITests.xctest */;
			productType = "com.apple.product-type.bundle.ui-testing";
		};
/* End PBXNativeTarget section */

/* Begin PBXProject section */
		CA6A1F23204D84CD00B8948E /* Project object */ = {
			isa = PBXProject;
			attributes = {
				LastSwiftUpdateCheck = 0920;
				LastUpgradeCheck = 0920;
				ORGANIZATIONNAME = sho;
				TargetAttributes = {
					CA6A1F2A204D84CD00B8948E = {
						CreatedOnToolsVersion = 9.2;
						ProvisioningStyle = Automatic;
					};
					CA6A1F3E204D84CE00B8948E = {
						CreatedOnToolsVersion = 9.2;
						ProvisioningStyle = Automatic;
						TestTargetID = CA6A1F2A204D84CD00B8948E;
					};
					CA6A1F49204D84CE00B8948E = {
						CreatedOnToolsVersion = 9.2;
						ProvisioningStyle = Automatic;
						TestTargetID = CA6A1F2A204D84CD00B8948E;
					};
				};
			};
			buildConfigurationList = CA6A1F26204D84CD00B8948E /* Build configuration list for PBXProject "count" */;
			compatibilityVersion = "Xcode 8.0";
			developmentRegion = en;
			hasScannedForEncodings = 0;
			knownRegions = (
				en,
				Base,
			);
			mainGroup = CA6A1F22204D84CD00B8948E;
			productRefGroup = CA6A1F2C204D84CD00B8948E /* Products */;
			projectDirPath = "";
			projectRoot = "";
			targets = (
				CA6A1F2A204D84CD00B8948E /* count */,
				CA6A1F3E204D84CE00B8948E /* countTests */,
				CA6A1F49204D84CE00B8948E /* countUITests */,
			);
		};
/* End PBXProject section */

/* Begin PBXResourcesBuildPhase section */
		CA6A1F29204D84CD00B8948E /* Resources */ = {
			isa = PBXResourcesBuildPhase;
			buildActionMask = 2147483647;
			files = (
				CA6A1F39204D84CD00B8948E /* LaunchScreen.storyboard in Resources */,
				CA6A1F36204D84CD00B8948E /* Assets.xcassets in Resources */,
				CA6A1F34204D84CD00B8948E /* Main.storyboard in Resources */,
			);
			runOnlyForDeploymentPostprocessing = 0;
		};
		CA6A1F3D204D84CE00B8948E /* Resources */ = {
			isa = PBXResourcesBuildPhase;
			buildActionMask = 2147483647;
			files = (
			);
			runOnlyForDeploymentPostprocessing = 0;
		};
		CA6A1F48204D84CE00B8948E /* Resources */ = {
			isa = PBXResourcesBuildPhase;
			buildActionMask = 2147483647;
			files = (
			);
			runOnlyForDeploymentPostprocessing = 0;
		};
/* End PBXResourcesBuildPhase section */

/* Begin PBXSourcesBuildPhase section */
		CA6A1F27204D84CD00B8948E /* Sources */ = {
			isa = PBXSourcesBuildPhase;
			buildActionMask = 2147483647;
			files = (
				CA6A1F31204D84CD00B8948E /* ViewController.swift in Sources */,
				CA6A1F2F204D84CD00B8948E /* AppDelegate.swift in Sources */,
			);
			runOnlyForDeploymentPostprocessing = 0;
		};
		CA6A1F3B204D84CE00B8948E /* Sources */ = {
			isa = PBXSourcesBuildPhase;
			buildActionMask = 2147483647;
			files = (
				CA6A1F44204D84CE00B8948E /* countTests.swift in Sources */,
			);
			runOnlyForDeploymentPostprocessing = 0;
		};
		CA6A1F46204D84CE00B8948E /* Sources */ = {
			isa = PBXSourcesBuildPhase;
			buildActionMask = 2147483647;
			files = (
				CA6A1F4F204D84CE00B8948E /* countUITests.swift in Sources */,
			);
			runOnlyForDeploymentPostprocessing = 0;
		};
/* End PBXSourcesBuildPhase section */

/* Begin PBXTargetDependency section */
		CA6A1F41204D84CE00B8948E /* PBXTargetDependency */ = {
			isa = PBXTargetDependency;
			target = CA6A1F2A204D84CD00B8948E /* count */;
			targetProxy = CA6A1F40204D84CE00B8948E /* PBXContainerItemProxy */;
		};
		CA6A1F4C204D84CE00B8948E /* PBXTargetDependency */ = {
			isa = PBXTargetDependency;
			target = CA6A1F2A204D84CD00B8948E /* count */;
			targetProxy = CA6A1F4B204D84CE00B8948E /* PBXContainerItemProxy */;
		};
/* End PBXTargetDependency section */

/* Begin PBXVariantGroup section */
		CA6A1F32204D84CD00B8948E /* Main.storyboard */ = {
			isa = PBXVariantGroup;
			children = (
				CA6A1F33204D84CD00B8948E /* Base */,
			);
			name = Main.storyboard;
			sourceTree = "<group>";
		};
		CA6A1F37204D84CD00B8948E /* LaunchScreen.storyboard */ = {
			isa = PBXVariantGroup;
			children = (
				CA6A1F38204D84CD00B8948E /* Base */,
			);
			name = LaunchScreen.storyboard;
			sourceTree = "<group>";
		};
/* End PBXVariantGroup section */

/* Begin XCBuildConfiguration section */
		CA6A1F51204D84CE00B8948E /* Debug */ = {
			isa = XCBuildConfiguration;
			buildSettings = {
				ALWAYS_SEARCH_USER_PATHS = NO;
				CLANG_ANALYZER_NONNULL = YES;
				CLANG_ANALYZER_NUMBER_OBJECT_CONVERSION = YES_AGGRESSIVE;
				CLANG_CXX_LANGUAGE_STANDARD = "gnu++14";
				CLANG_CXX_LIBRARY = "libc++";
				CLANG_ENABLE_MODULES = YES;
				CLANG_ENABLE_OBJC_ARC = YES;
				CLANG_WARN_BLOCK_CAPTURE_AUTORELEASING = YES;
				CLANG_WARN_BOOL_CONVERSION = YES;
				CLANG_WARN_COMMA = YES;
				CLANG_WARN_CONSTANT_CONVERSION = YES;
				CLANG_WARN_DIRECT_OBJC_ISA_USAGE = YES_ERROR;
				CLANG_WARN_DOCUMENTATION_COMMENTS = YES;
				CLANG_WARN_EMPTY_BODY = YES;
				CLANG_WARN_ENUM_CONVERSION = YES;
				CLANG_WARN_INFINITE_RECURSION = YES;
				CLANG_WARN_INT_CONVERSION = YES;
				CLANG_WARN_NON_LITERAL_NULL_CONVERSION = YES;
				CLANG_WARN_OBJC_LITERAL_CONVERSION = YES;
				CLANG_WARN_OBJC_ROOT_CLASS = YES_ERROR;
				CLANG_WARN_RANGE_LOOP_ANALYSIS = YES;
				CLANG_WARN_STRICT_PROTOTYPES = YES;
				CLANG_WARN_SUSPICIOUS_MOVE = YES;
				CLANG_WARN_UNGUARDED_AVAILABILITY = YES_AGGRESSIVE;
				CLANG_WARN_UNREACHABLE_CODE = YES;
				CLANG_WARN__DUPLICATE_METHOD_MATCH = YES;
				CODE_SIGN_IDENTITY = "iPhone Developer";
				COPY_PHASE_STRIP = NO;
				DEBUG_INFORMATION_FORMAT = dwarf;
				ENABLE_STRICT_OBJC_MSGSEND = YES;
				ENABLE_TESTABILITY = YES;
				GCC_C_LANGUAGE_STANDARD = gnu11;
				GCC_DYNAMIC_NO_PIC = NO;
				GCC_NO_COMMON_BLOCKS = YES;
				GCC_OPTIMIZATION_LEVEL = 0;
				GCC_PREPROCESSOR_DEFINITIONS = (
					"DEBUG=1",
					"$(inherited)",
				);
				GCC_WARN_64_TO_32_BIT_CONVERSION = YES;
				GCC_WARN_ABOUT_RETURN_TYPE = YES_ERROR;
				GCC_WARN_UNDECLARED_SELECTOR = YES;
				GCC_WARN_UNINITIALIZED_AUTOS = YES_AGGRESSIVE;
				GCC_WARN_UNUSED_FUNCTION = YES;
				GCC_WARN_UNUSED_VARIABLE = YES;
				IPHONEOS_DEPLOYMENT_TARGET = 11.2;
				MTL_ENABLE_DEBUG_INFO = YES;
				ONLY_ACTIVE_ARCH = YES;
				SDKROOT = iphoneos;
				SWIFT_ACTIVE_COMPILATION_CONDITIONS = DEBUG;
				SWIFT_OPTIMIZATION_LEVEL = "-Onone";
			};
			name = Debug;
		};
		CA6A1F52204D84CE00B8948E /* Release */ = {
			isa = XCBuildConfiguration;
			buildSettings = {
				ALWAYS_SEARCH_USER_PATHS = NO;
				CLANG_ANALYZER_NONNULL = YES;
				CLANG_ANALYZER_NUMBER_OBJECT_CONVERSION = YES_AGGRESSIVE;
				CLANG_CXX_LANGUAGE_STANDARD = "gnu++14";
				CLANG_CXX_LIBRARY = "libc++";
				CLANG_ENABLE_MODULES = YES;
				CLANG_ENABLE_OBJC_ARC = YES;
				CLANG_WARN_BLOCK_CAPTURE_AUTORELEASING = YES;
				CLANG_WARN_BOOL_CONVERSION = YES;
				CLANG_WARN_COMMA = YES;
				CLANG_WARN_CONSTANT_CONVERSION = YES;
				CLANG_WARN_DIRECT_OBJC_ISA_USAGE = YES_ERROR;
				CLANG_WARN_DOCUMENTATION_COMMENTS = YES;
				CLANG_WARN_EMPTY_BODY = YES;
				CLANG_WARN_ENUM_CONVERSION = YES;
				CLANG_WARN_INFINITE_RECURSION = YES;
				CLANG_WARN_INT_CONVERSION = YES;
				CLANG_WARN_NON_LITERAL_NULL_CONVERSION = YES;
				CLANG_WARN_OBJC_LITERAL_CONVERSION = YES;
				CLANG_WARN_OBJC_ROOT_CLASS = YES_ERROR;
				CLANG_WARN_RANGE_LOOP_ANALYSIS = YES;
				CLANG_WARN_STRICT_PROTOTYPES = YES;
				CLANG_WARN_SUSPICIOUS_MOVE = YES;
				CLANG_WARN_UNGUARDED_AVAILABILITY = YES_AGGRESSIVE;
				CLANG_WARN_UNREACHABLE_CODE = YES;
				CLANG_WARN__DUPLICATE_METHOD_MATCH = YES;
				CODE_SIGN_IDENTITY = "iPhone Developer";
				COPY_PHASE_STRIP = NO;
				DEBUG_INFORMATION_FORMAT = "dwarf-with-dsym";
				ENABLE_NS_ASSERTIONS = NO;
				ENABLE_STRICT_OBJC_MSGSEND = YES;
				GCC_C_LANGUAGE_STANDARD = gnu11;
				GCC_NO_COMMON_BLOCKS = YES;
				GCC_WARN_64_TO_32_BIT_CONVERSION = YES;
				GCC_WARN_ABOUT_RETURN_TYPE = YES_ERROR;
				GCC_WARN_UNDECLARED_SELECTOR = YES;
				GCC_WARN_UNINITIALIZED_AUTOS = YES_AGGRESSIVE;
				GCC_WARN_UNUSED_FUNCTION = YES;
				GCC_WARN_UNUSED_VARIABLE = YES;
				IPHONEOS_DEPLOYMENT_TARGET = 11.2;
				MTL_ENABLE_DEBUG_INFO = NO;
				SDKROOT = iphoneos;
				SWIFT_OPTIMIZATION_LEVEL = "-Owholemodule";
				VALIDATE_PRODUCT = YES;
			};
			name = Release;
		};
		CA6A1F54204D84CE00B8948E /* Debug */ = {
			isa = XCBuildConfiguration;
			buildSettings = {
				ASSETCATALOG_COMPILER_APPICON_NAME = AppIcon;
				CODE_SIGN_STYLE = Automatic;
				DEVELOPMENT_TEAM = BV8VP6YGE9;
				INFOPLIST_FILE = count/Info.plist;
				LD_RUNPATH_SEARCH_PATHS = "$(inherited) @executable_path/Frameworks";
				PRODUCT_BUNDLE_IDENTIFIER = jp.sho.count;
				PRODUCT_NAME = "$(TARGET_NAME)";
				SWIFT_VERSION = 4.0;
				TARGETED_DEVICE_FAMILY = "1,2";
			};
			name = Debug;
		};
		CA6A1F55204D84CE00B8948E /* Release */ = {
			isa = XCBuildConfiguration;
			buildSettings = {
				ASSETCATALOG_COMPILER_APPICON_NAME = AppIcon;
				CODE_SIGN_STYLE = Automatic;
				DEVELOPMENT_TEAM = BV8VP6YGE9;
				INFOPLIST_FILE = count/Info.plist;
				LD_RUNPATH_SEARCH_PATHS = "$(inherited) @executable_path/Frameworks";
				PRODUCT_BUNDLE_IDENTIFIER = jp.sho.count;
				PRODUCT_NAME = "$(TARGET_NAME)";
				SWIFT_VERSION = 4.0;
				TARGETED_DEVICE_FAMILY = "1,2";
			};
			name = Release;
		};
		CA6A1F57204D84CE00B8948E /* Debug */ = {
			isa = XCBuildConfiguration;
			buildSettings = {
				ALWAYS_EMBED_SWIFT_STANDARD_LIBRARIES = YES;
				BUNDLE_LOADER = "$(TEST_HOST)";
				CODE_SIGN_STYLE = Automatic;
				DEVELOPMENT_TEAM = BV8VP6YGE9;
				INFOPLIST_FILE = countTests/Info.plist;
				LD_RUNPATH_SEARCH_PATHS = "$(inherited) @executable_path/Frameworks @loader_path/Frameworks";
				PRODUCT_BUNDLE_IDENTIFIER = jp.sho.countTests;
				PRODUCT_NAME = "$(TARGET_NAME)";
				SWIFT_VERSION = 4.0;
				TARGETED_DEVICE_FAMILY = "1,2";
				TEST_HOST = "$(BUILT_PRODUCTS_DIR)/count.app/count";
			};
			name = Debug;
		};
		CA6A1F58204D84CE00B8948E /* Release */ = {
			isa = XCBuildConfiguration;
			buildSettings = {
				ALWAYS_EMBED_SWIFT_STANDARD_LIBRARIES = YES;
				BUNDLE_LOADER = "$(TEST_HOST)";
				CODE_SIGN_STYLE = Automatic;
				DEVELOPMENT_TEAM = BV8VP6YGE9;
				INFOPLIST_FILE = countTests/Info.plist;
				LD_RUNPATH_SEARCH_PATHS = "$(inherited) @executable_path/Frameworks @loader_path/Frameworks";
				PRODUCT_BUNDLE_IDENTIFIER = jp.sho.countTests;
				PRODUCT_NAME = "$(TARGET_NAME)";
				SWIFT_VERSION = 4.0;
				TARGETED_DEVICE_FAMILY = "1,2";
				TEST_HOST = "$(BUILT_PRODUCTS_DIR)/count.app/count";
			};
			name = Release;
		};
		CA6A1F5A204D84CE00B8948E /* Debug */ = {
			isa = XCBuildConfiguration;
			buildSettings = {
				ALWAYS_EMBED_SWIFT_STANDARD_LIBRARIES = YES;
				CODE_SIGN_STYLE = Automatic;
				DEVELOPMENT_TEAM = BV8VP6YGE9;
				INFOPLIST_FILE = countUITests/Info.plist;
				LD_RUNPATH_SEARCH_PATHS = "$(inherited) @executable_path/Frameworks @loader_path/Frameworks";
				PRODUCT_BUNDLE_IDENTIFIER = jp.sho.countUITests;
				PRODUCT_NAME = "$(TARGET_NAME)";
				SWIFT_VERSION = 4.0;
				TARGETED_DEVICE_FAMILY = "1,2";
				TEST_TARGET_NAME = count;
			};
			name = Debug;
		};
		CA6A1F5B204D84CE00B8948E /* Release */ = {
			isa = XCBuildConfiguration;
			buildSettings = {
				ALWAYS_EMBED_SWIFT_STANDARD_LIBRARIES = YES;
				CODE_SIGN_STYLE = Automatic;
				DEVELOPMENT_TEAM = BV8VP6YGE9;
				INFOPLIST_FILE = countUITests/Info.plist;
				LD_RUNPATH_SEARCH_PATHS = "$(inherited) @executable_path/Frameworks @loader_path/Frameworks";
				PRODUCT_BUNDLE_IDENTIFIER = jp.sho.countUITests;
				PRODUCT_NAME = "$(TARGET_NAME)";
				SWIFT_VERSION = 4.0;
				TARGETED_DEVICE_FAMILY = "1,2";
				TEST_TARGET_NAME = count;
			};
			name = Release;
		};
/* End XCBuildConfiguration section */

/* Begin XCConfigurationList section */
		CA6A1F26204D84CD00B8948E /* Build configuration list for PBXProject "count" */ = {
			isa = XCConfigurationList;
			buildConfigurations = (
				CA6A1F51204D84CE00B8948E /* Debug */,
				CA6A1F52204D84CE00B8948E /* Release */,
			);
			defaultConfigurationIsVisible = 0;
			defaultConfigurationName = Release;
		};
		CA6A1F53204D84CE00B8948E /* Build configuration list for PBXNativeTarget "count" */ = {
			isa = XCConfigurationList;
			buildConfigurations = (
				CA6A1F54204D84CE00B8948E /* Debug */,
				CA6A1F55204D84CE00B8948E /* Release */,
			);
			defaultConfigurationIsVisible = 0;
			defaultConfigurationName = Release;
		};
		CA6A1F56204D84CE00B8948E /* Build configuration list for PBXNativeTarget "countTests" */ = {
			isa = XCConfigurationList;
			buildConfigurations = (
				CA6A1F57204D84CE00B8948E /* Debug */,
				CA6A1F58204D84CE00B8948E /* Release */,
			);
			defaultConfigurationIsVisible = 0;
			defaultConfigurationName = Release;
		};
		CA6A1F59204D84CE00B8948E /* Build configuration list for PBXNativeTarget "countUITests" */ = {
			isa = XCConfigurationList;
			buildConfigurations = (
				CA6A1F5A204D84CE00B8948E /* Debug */,
				CA6A1F5B204D84CE00B8948E /* Release */,
			);
			defaultConfigurationIsVisible = 0;
			defaultConfigurationName = Release;
		};
/* End XCConfigurationList section */
	};
	rootObject = CA6A1F23204D84CD00B8948E /* Project object */;
}
